
Microsoft Visual Studio Solution File, Format Version 12.00
# Visual Studio Version 17
VisualStudioVersion = 17.6.33829.357
MinimumVisualStudioVersion = 10.0.40219.1
Project("{FAE04EC0-301F-11D3-BF4B-00C04F79EFBC}") = "Middleware", "Middleware\Middleware.csproj", "{F9AE80BF-3A9D-4397-BEF2-4DE21AB2F50D}"
EndProject
Global
	GlobalSection(SolutionConfigurationPlatforms) = preSolution
		Debug|Any CPU = Debug|Any CPU
		Release|Any CPU = Release|Any CPU
	EndGlobalSection
	GlobalSection(ProjectConfigurationPlatforms) = postSolution
		{F9AE80BF-3A9D-4397-BEF2-4DE21AB2F50D}.Debug|Any CPU.ActiveCfg = Debug|Any CPU
		{F9AE80BF-3A9D-4397-BEF2-4DE21AB2F50D}.Debug|Any CPU.Build.0 = Debug|Any CPU
		{F9AE80BF-3A9D-4397-BEF2-4DE21AB2F50D}.Release|Any CPU.ActiveCfg = Release|Any CPU
		{F9AE80BF-3A9D-4397-BEF2-4DE21AB2F50D}.Release|Any CPU.Build.0 = Release|Any CPU
	EndGlobalSection
	GlobalSection(SolutionProperties) = preSolution
		HideSolutionNode = FALSE
	EndGlobalSection
	GlobalSection(ExtensibilityGlobals) = postSolution
		SolutionGuid = {EEFAFF96-BC22-4EA7-A667-33AC16E1BBA2}
	EndGlobalSection
EndGlobal
